
Microsoft Visual Studio Solution File, Format Version 11.00
# Visual Studio 2010
Project("{FAE04EC0-301F-11D3-BF4B-00C04F79EFBC}") = "Final Projesi(İki Ders Bir Arada)", "Final Projesi(İki Ders Bir Arada)\Final Projesi(İki Ders Bir Arada).csproj", "{1F54CF54-12CC-4B27-AA7B-3DE7DF39B67E}"
EndProject
Global
	GlobalSection(SolutionConfigurationPlatforms) = preSolution
		Debug|x86 = Debug|x86
		Release|x86 = Release|x86
	EndGlobalSection
	GlobalSection(ProjectConfigurationPlatforms) = postSolution
		{1F54CF54-12CC-4B27-AA7B-3DE7DF39B67E}.Debug|x86.ActiveCfg = Debug|x86
		{1F54CF54-12CC-4B27-AA7B-3DE7DF39B67E}.Debug|x86.Build.0 = Debug|x86
		{1F54CF54-12CC-4B27-AA7B-3DE7DF39B67E}.Release|x86.ActiveCfg = Release|x86
		{1F54CF54-12CC-4B27-AA7B-3DE7DF39B67E}.Release|x86.Build.0 = Release|x86
	EndGlobalSection
	GlobalSection(SolutionProperties) = preSolution
		HideSolutionNode = FALSE
	EndGlobalSection
EndGlobal
